
Microsoft Visual Studio Solution File, Format Version 12.00
# Visual Studio Version 17
VisualStudioVersion = 17.4.33110.190
MinimumVisualStudioVersion = 10.0.40219.1
Project("{FAE04EC0-301F-11D3-BF4B-00C04F79EFBC}") = "leetCrack", "leetCrack\leetCrack.csproj", "{C12A7729-8785-45AD-B013-6AFF4BCC3AAF}"
EndProject
Global
	GlobalSection(SolutionConfigurationPlatforms) = preSolution
		Debug|Any CPU = Debug|Any CPU
		Release|Any CPU = Release|Any CPU
	EndGlobalSection
	GlobalSection(ProjectConfigurationPlatforms) = postSolution
		{C12A7729-8785-45AD-B013-6AFF4BCC3AAF}.Debug|Any CPU.ActiveCfg = Debug|Any CPU
		{C12A7729-8785-45AD-B013-6AFF4BCC3AAF}.Debug|Any CPU.Build.0 = Debug|Any CPU
		{C12A7729-8785-45AD-B013-6AFF4BCC3AAF}.Release|Any CPU.ActiveCfg = Release|Any CPU
		{C12A7729-8785-45AD-B013-6AFF4BCC3AAF}.Release|Any CPU.Build.0 = Release|Any CPU
	EndGlobalSection
	GlobalSection(SolutionProperties) = preSolution
		HideSolutionNode = FALSE
	EndGlobalSection
	GlobalSection(ExtensibilityGlobals) = postSolution
		SolutionGuid = {10088021-A2E7-4F59-9F1F-142DFDDC2CE5}
	EndGlobalSection
EndGlobal
