
Microsoft Visual Studio Solution File, Format Version 12.00
# Visual Studio Version 17
VisualStudioVersion = 17.4.33110.190
MinimumVisualStudioVersion = 10.0.40219.1
Project("{FAE04EC0-301F-11D3-BF4B-00C04F79EFBC}") = "AlgorithmBadge1", "AlgorithmBadge1\AlgorithmBadge1.csproj", "{4F3A5E48-5FFE-4700-B761-3E1B4054511B}"
EndProject
Global
	GlobalSection(SolutionConfigurationPlatforms) = preSolution
		Debug|Any CPU = Debug|Any CPU
		Release|Any CPU = Release|Any CPU
	EndGlobalSection
	GlobalSection(ProjectConfigurationPlatforms) = postSolution
		{4F3A5E48-5FFE-4700-B761-3E1B4054511B}.Debug|Any CPU.ActiveCfg = Debug|Any CPU
		{4F3A5E48-5FFE-4700-B761-3E1B4054511B}.Debug|Any CPU.Build.0 = Debug|Any CPU
		{4F3A5E48-5FFE-4700-B761-3E1B4054511B}.Release|Any CPU.ActiveCfg = Release|Any CPU
		{4F3A5E48-5FFE-4700-B761-3E1B4054511B}.Release|Any CPU.Build.0 = Release|Any CPU
	EndGlobalSection
	GlobalSection(SolutionProperties) = preSolution
		HideSolutionNode = FALSE
	EndGlobalSection
	GlobalSection(ExtensibilityGlobals) = postSolution
		SolutionGuid = {194D39AA-7A44-4264-B8D9-B49115819246}
	EndGlobalSection
EndGlobal
